
Microsoft Visual Studio Solution File, Format Version 12.00
# Visual Studio 15
VisualStudioVersion = 15.0.28307.271
MinimumVisualStudioVersion = 10.0.40219.1
Project("{FAE04EC0-301F-11D3-BF4B-00C04F79EFBC}") = "USAADemoApp", "USAADemoApp.csproj", "{44290CB8-D81B-42D0-A5E6-F8AB62AEEF34}"
EndProject
Global
	GlobalSection(SolutionConfigurationPlatforms) = preSolution
		Debug|Any CPU = Debug|Any CPU
		Release|Any CPU = Release|Any CPU
	EndGlobalSection
	GlobalSection(ProjectConfigurationPlatforms) = postSolution
		{44290CB8-D81B-42D0-A5E6-F8AB62AEEF34}.Debug|Any CPU.ActiveCfg = Debug|Any CPU
		{44290CB8-D81B-42D0-A5E6-F8AB62AEEF34}.Debug|Any CPU.Build.0 = Debug|Any CPU
		{44290CB8-D81B-42D0-A5E6-F8AB62AEEF34}.Release|Any CPU.ActiveCfg = Release|Any CPU
		{44290CB8-D81B-42D0-A5E6-F8AB62AEEF34}.Release|Any CPU.Build.0 = Release|Any CPU
	EndGlobalSection
	GlobalSection(SolutionProperties) = preSolution
		HideSolutionNode = FALSE
	EndGlobalSection
	GlobalSection(ExtensibilityGlobals) = postSolution
		SolutionGuid = {82223897-1483-47B1-AF0B-00CD8912F257}
	EndGlobalSection
EndGlobal
